
Microsoft Visual Studio Solution File, Format Version 12.00
# Visual Studio Version 16
VisualStudioVersion = 16.0.31410.357
MinimumVisualStudioVersion = 10.0.40219.1
Project("{FAE04EC0-301F-11D3-BF4B-00C04F79EFBC}") = "Parse 2.0", "Parse 2.0.csproj", "{72C3636F-1FCE-492C-A52E-61EE85F39B0F}"
EndProject
Global
	GlobalSection(SolutionConfigurationPlatforms) = preSolution
		Debug|Any CPU = Debug|Any CPU
		Release|Any CPU = Release|Any CPU
	EndGlobalSection
	GlobalSection(ProjectConfigurationPlatforms) = postSolution
		{72C3636F-1FCE-492C-A52E-61EE85F39B0F}.Debug|Any CPU.ActiveCfg = Debug|Any CPU
		{72C3636F-1FCE-492C-A52E-61EE85F39B0F}.Debug|Any CPU.Build.0 = Debug|Any CPU
		{72C3636F-1FCE-492C-A52E-61EE85F39B0F}.Release|Any CPU.ActiveCfg = Release|Any CPU
		{72C3636F-1FCE-492C-A52E-61EE85F39B0F}.Release|Any CPU.Build.0 = Release|Any CPU
	EndGlobalSection
	GlobalSection(SolutionProperties) = preSolution
		HideSolutionNode = FALSE
	EndGlobalSection
	GlobalSection(ExtensibilityGlobals) = postSolution
		SolutionGuid = {EF74A276-C8F0-47DB-805E-DA1A924CF3CE}
	EndGlobalSection
EndGlobal
